{
  "name": "TaxiDjibouti.Frontend",
  "lockfileVersion": 3,
  "requires": true,
  "packages": {
    "": {
<<<<<<< HEAD
      "devDependencies": {
        "prettier": "^3.8.4"
=======
      "dependencies": {
        "taxi-djibouti-frontend": "file:.."
>>>>>>> 0946aaf3fb370da2ad0e5c1976d2db585e3b7b00
      }
    },
    "..": {
      "version": "0.2.0",
<<<<<<< HEAD
      "extraneous": true,
=======
>>>>>>> 0946aaf3fb370da2ad0e5c1976d2db585e3b7b00
      "dependencies": {
        "@microsoft/signalr": "^9.0.6",
        "@tailwindcss/vite": "^4.3.0",
        "@vitejs/plugin-react": "^5.0.0",
        "axios": "^1.17.0",
        "leaflet": "^1.9.4",
        "react": "^19.1.0",
        "react-dom": "^19.1.0",
        "react-leaflet": "^5.0.0",
        "react-router-dom": "^7.17.0",
        "vite": "^7.0.0"
      },
      "devDependencies": {
        "@types/leaflet": "^1.9.12",
        "@types/node": "^24.0.0",
        "@types/react": "^19.1.0",
        "@types/react-dom": "^19.1.0",
        "autoprefixer": "^10.4.20",
        "postcss": "^8.4.49",
        "tailwindcss": "^3.4.19",
        "typescript": "^5.8.0"
      }
    },
<<<<<<< HEAD
    "node_modules/prettier": {
      "version": "3.8.4",
      "resolved": "https://registry.npmjs.org/prettier/-/prettier-3.8.4.tgz",
      "integrity": "sha512-N2MylSdi48+5N/6S5j+maeHbUSIzzZ5uOcX5Hm4QpV8Dkb1HFjfAKTKX6yNPJQD9AhcT3ifHNB66tWTTJDi11Q==",
      "dev": true,
      "license": "MIT",
      "bin": {
        "prettier": "bin/prettier.cjs"
      },
      "engines": {
        "node": ">=14"
      },
      "funding": {
        "url": "https://github.com/prettier/prettier?sponsor=1"
      }
    }
  }
}
=======
    "node_modules/taxi-djibouti-frontend": {
      "resolved": "..",
      "link": true
    }
  }
}
>>>>>>> 0946aaf3fb370da2ad0e5c1976d2db585e3b7b00
